
Microsoft Visual Studio Solution File, Format Version 12.00
# Visual Studio Version 17
VisualStudioVersion = 17.2.32422.2
MinimumVisualStudioVersion = 10.0.40219.1
Project("{FAE04EC0-301F-11D3-BF4B-00C04F79EFBC}") = "YuGabe.WakeOnLan", "YuGabe.WakeOnLan.csproj", "{9E484806-42DB-4F26-8B4E-1E14976E01A2}"
EndProject
Global
	GlobalSection(SolutionConfigurationPlatforms) = preSolution
		Debug|Any CPU = Debug|Any CPU
		Release|Any CPU = Release|Any CPU
	EndGlobalSection
	GlobalSection(ProjectConfigurationPlatforms) = postSolution
		{9E484806-42DB-4F26-8B4E-1E14976E01A2}.Debug|Any CPU.ActiveCfg = Debug|Any CPU
		{9E484806-42DB-4F26-8B4E-1E14976E01A2}.Debug|Any CPU.Build.0 = Debug|Any CPU
		{9E484806-42DB-4F26-8B4E-1E14976E01A2}.Release|Any CPU.ActiveCfg = Release|Any CPU
		{9E484806-42DB-4F26-8B4E-1E14976E01A2}.Release|Any CPU.Build.0 = Release|Any CPU
	EndGlobalSection
	GlobalSection(SolutionProperties) = preSolution
		HideSolutionNode = FALSE
	EndGlobalSection
	GlobalSection(ExtensibilityGlobals) = postSolution
		SolutionGuid = {2B3550BB-1E09-4529-B96A-CF1450EDE55D}
	EndGlobalSection
EndGlobal
